{
  "name": "idionline",
  "version": "1.52.0",
  "lockfileVersion": 1,
  "requires": true,
  "dependencies": {
    "@vant/weapp": {
      "version": "1.8.3",
      "resolved": "https://registry.nlark.com/@vant/weapp/download/@vant/weapp-1.8.3.tgz",
      "integrity": "sha1-N5hgfeSGRScjQUKP7GRmneuE0sc="
    }
  }
}
