{
  "requires": true,
  "lockfileVersion": 1,
  "dependencies": {
    "vant-weapp": {
      "version": "0.5.8",
      "resolved": "https://registry.npmjs.org/vant-weapp/-/vant-weapp-0.5.8.tgz",
      "integrity": "sha512-wDJxX3BhMfxlqgRuC98/GrcpWCHWrOmAUTA9dJnJPS0o7VbUcXgIHC1wd4CdDLx5altjUdFIjgtRJTVF9e82Rw=="
    }
  }
}
